
Microsoft Visual Studio Solution File, Format Version 12.00
# Visual Studio Version 17
VisualStudioVersion = 17.0.31919.166
MinimumVisualStudioVersion = 10.0.40219.1
Project("{9A19103F-16F7-4668-BE54-9A1E7A4F7556}") = "SGSeason2.Console", "SGSeason2\SGSeason2.Console.csproj", "{5C880F53-7A08-4F96-97E7-8247802909E6}"
EndProject
Project("{FAE04EC0-301F-11D3-BF4B-00C04F79EFBC}") = "SGSeason2.Tests", "SGSeason2.Tests\SGSeason2.Tests.csproj", "{5C758E89-C9ED-4DA8-A515-A7C41BFF3C62}"
EndProject
Project("{FAE04EC0-301F-11D3-BF4B-00C04F79EFBC}") = "SgSeason2.Lib", "Lib\SgSeason2.Lib.csproj", "{9F72C242-AB17-4300-A5CD-F1CFEE6058FE}"
EndProject
Global
	GlobalSection(SolutionConfigurationPlatforms) = preSolution
		Debug|Any CPU = Debug|Any CPU
		Release|Any CPU = Release|Any CPU
	EndGlobalSection
	GlobalSection(ProjectConfigurationPlatforms) = postSolution
		{5C880F53-7A08-4F96-97E7-8247802909E6}.Debug|Any CPU.ActiveCfg = Debug|Any CPU
		{5C880F53-7A08-4F96-97E7-8247802909E6}.Debug|Any CPU.Build.0 = Debug|Any CPU
		{5C880F53-7A08-4F96-97E7-8247802909E6}.Release|Any CPU.ActiveCfg = Release|Any CPU
		{5C880F53-7A08-4F96-97E7-8247802909E6}.Release|Any CPU.Build.0 = Release|Any CPU
		{5C758E89-C9ED-4DA8-A515-A7C41BFF3C62}.Debug|Any CPU.ActiveCfg = Debug|Any CPU
		{5C758E89-C9ED-4DA8-A515-A7C41BFF3C62}.Debug|Any CPU.Build.0 = Debug|Any CPU
		{5C758E89-C9ED-4DA8-A515-A7C41BFF3C62}.Release|Any CPU.ActiveCfg = Release|Any CPU
		{5C758E89-C9ED-4DA8-A515-A7C41BFF3C62}.Release|Any CPU.Build.0 = Release|Any CPU
		{9F72C242-AB17-4300-A5CD-F1CFEE6058FE}.Debug|Any CPU.ActiveCfg = Debug|Any CPU
		{9F72C242-AB17-4300-A5CD-F1CFEE6058FE}.Debug|Any CPU.Build.0 = Debug|Any CPU
		{9F72C242-AB17-4300-A5CD-F1CFEE6058FE}.Release|Any CPU.ActiveCfg = Release|Any CPU
		{9F72C242-AB17-4300-A5CD-F1CFEE6058FE}.Release|Any CPU.Build.0 = Release|Any CPU
	EndGlobalSection
	GlobalSection(SolutionProperties) = preSolution
		HideSolutionNode = FALSE
	EndGlobalSection
	GlobalSection(ExtensibilityGlobals) = postSolution
		SolutionGuid = {920BDAD0-AE9C-4BCE-8B9A-8F90BDB9305F}
	EndGlobalSection
EndGlobal
